
Microsoft Visual Studio Solution File, Format Version 12.00
# Visual Studio Version 17
VisualStudioVersion = 17.3.32804.467
MinimumVisualStudioVersion = 10.0.40219.1
Project("{9A19103F-16F7-4668-BE54-9A1E7A4F7556}") = "ZelfVerzonnenDatabase", "ZelfVerzonnenDatabase\ZelfVerzonnenDatabase.csproj", "{C985E6D9-AF7D-4B89-8EE0-FA2AB175B393}"
EndProject
Project("{9A19103F-16F7-4668-BE54-9A1E7A4F7556}") = "ZelfVerzonnenDatabase.Common", "ZelfVerzonnenDatabase.Common\ZelfVerzonnenDatabase.Common.csproj", "{47A0B2C0-869E-4343-95BD-FA5F581F375F}"
EndProject
Project("{9A19103F-16F7-4668-BE54-9A1E7A4F7556}") = "ZelfVerzonnenDatabase.DAL", "ZelfVerzonnenDatabase.DAL\ZelfVerzonnenDatabase.DAL.csproj", "{946D8925-F6BA-4497-BEB0-02E8C1B4D532}"
EndProject
Project("{FAE04EC0-301F-11D3-BF4B-00C04F79EFBC}") = "ZelfVerzonnenDatabase.Entities", "ZelfVerzonnenDatabase.Entities\ZelfVerzonnenDatabase.Entities.csproj", "{B83DA34E-351D-439F-B9FE-2DAF1E9B3EBE}"
EndProject
Global
	GlobalSection(SolutionConfigurationPlatforms) = preSolution
		Debug|Any CPU = Debug|Any CPU
		Release|Any CPU = Release|Any CPU
	EndGlobalSection
	GlobalSection(ProjectConfigurationPlatforms) = postSolution
		{C985E6D9-AF7D-4B89-8EE0-FA2AB175B393}.Debug|Any CPU.ActiveCfg = Debug|Any CPU
		{C985E6D9-AF7D-4B89-8EE0-FA2AB175B393}.Debug|Any CPU.Build.0 = Debug|Any CPU
		{C985E6D9-AF7D-4B89-8EE0-FA2AB175B393}.Release|Any CPU.ActiveCfg = Release|Any CPU
		{C985E6D9-AF7D-4B89-8EE0-FA2AB175B393}.Release|Any CPU.Build.0 = Release|Any CPU
		{47A0B2C0-869E-4343-95BD-FA5F581F375F}.Debug|Any CPU.ActiveCfg = Debug|Any CPU
		{47A0B2C0-869E-4343-95BD-FA5F581F375F}.Debug|Any CPU.Build.0 = Debug|Any CPU
		{47A0B2C0-869E-4343-95BD-FA5F581F375F}.Release|Any CPU.ActiveCfg = Release|Any CPU
		{47A0B2C0-869E-4343-95BD-FA5F581F375F}.Release|Any CPU.Build.0 = Release|Any CPU
		{946D8925-F6BA-4497-BEB0-02E8C1B4D532}.Debug|Any CPU.ActiveCfg = Debug|Any CPU
		{946D8925-F6BA-4497-BEB0-02E8C1B4D532}.Debug|Any CPU.Build.0 = Debug|Any CPU
		{946D8925-F6BA-4497-BEB0-02E8C1B4D532}.Release|Any CPU.ActiveCfg = Release|Any CPU
		{946D8925-F6BA-4497-BEB0-02E8C1B4D532}.Release|Any CPU.Build.0 = Release|Any CPU
		{B83DA34E-351D-439F-B9FE-2DAF1E9B3EBE}.Debug|Any CPU.ActiveCfg = Debug|Any CPU
		{B83DA34E-351D-439F-B9FE-2DAF1E9B3EBE}.Debug|Any CPU.Build.0 = Debug|Any CPU
		{B83DA34E-351D-439F-B9FE-2DAF1E9B3EBE}.Release|Any CPU.ActiveCfg = Release|Any CPU
		{B83DA34E-351D-439F-B9FE-2DAF1E9B3EBE}.Release|Any CPU.Build.0 = Release|Any CPU
	EndGlobalSection
	GlobalSection(SolutionProperties) = preSolution
		HideSolutionNode = FALSE
	EndGlobalSection
	GlobalSection(ExtensibilityGlobals) = postSolution
		SolutionGuid = {5B9B5C3F-1430-4811-B0DE-ADF0F3AE07B0}
	EndGlobalSection
EndGlobal
